// !$*UTF8*$!
{
	archiveVersion = 1;
	classes = {
	};
	objectVersion = 50;
	objects = {

/* Begin PBXBuildFile section */
		101263F525B8061500DDE739 /* WeatherDetailsDataCell.swift in Sources */ = {isa = PBXBuildFile; fileRef = 101263F325B8061500DDE739 /* WeatherDetailsDataCell.swift */; };
		101263F625B8061500DDE739 /* WeatherDetailsDataCell.xib in Resources */ = {isa = PBXBuildFile; fileRef = 101263F425B8061500DDE739 /* WeatherDetailsDataCell.xib */; };
		101263F925B80BD100DDE739 /* RouterAPI.swift in Sources */ = {isa = PBXBuildFile; fileRef = 101263F725B80BD100DDE739 /* RouterAPI.swift */; };
		101263FA25B80BD100DDE739 /* ServiceLayer.swift in Sources */ = {isa = PBXBuildFile; fileRef = 101263F825B80BD100DDE739 /* ServiceLayer.swift */; };
		101263FC25B80F5F00DDE739 /* WeatherResponse.swift in Sources */ = {isa = PBXBuildFile; fileRef = 101263FB25B80F5F00DDE739 /* WeatherResponse.swift */; };
		1012640725B8531000DDE739 /* ActivityIndicatorView.swift in Sources */ = {isa = PBXBuildFile; fileRef = 1012640625B8531000DDE739 /* ActivityIndicatorView.swift */; };
		1012640925B8562F00DDE739 /* UIView+LayerExtensions.swift in Sources */ = {isa = PBXBuildFile; fileRef = 1012640825B8562F00DDE739 /* UIView+LayerExtensions.swift */; };
		1012640B25B8568E00DDE739 /* UIColor+Extension.swift in Sources */ = {isa = PBXBuildFile; fileRef = 1012640A25B8568E00DDE739 /* UIColor+Extension.swift */; };
		1012640D25B856AF00DDE739 /* AlertController+Extension.swift in Sources */ = {isa = PBXBuildFile; fileRef = 1012640C25B856AF00DDE739 /* AlertController+Extension.swift */; };
		1013E2DC25B975FB00365F08 /* addPin.png in Resources */ = {isa = PBXBuildFile; fileRef = 1013E2D825B975FB00365F08 /* addPin.png */; };
		1013E2DD25B975FB00365F08 /* today.png in Resources */ = {isa = PBXBuildFile; fileRef = 1013E2D925B975FB00365F08 /* today.png */; };
		1013E2DE25B975FB00365F08 /* fiveDay.png in Resources */ = {isa = PBXBuildFile; fileRef = 1013E2DA25B975FB00365F08 /* fiveDay.png */; };
		1013E2DF25B975FB00365F08 /* home.png in Resources */ = {isa = PBXBuildFile; fileRef = 1013E2DB25B975FB00365F08 /* home.png */; };
		1013E2E325B98C7300365F08 /* WeatherServices.swift in Sources */ = {isa = PBXBuildFile; fileRef = 1013E2E225B98C7300365F08 /* WeatherServices.swift */; };
		104C099525B93CD4005A2D31 /* WebViewController.swift in Sources */ = {isa = PBXBuildFile; fileRef = 104C099425B93CD4005A2D31 /* WebViewController.swift */; };
		104C099725B93F8D005A2D31 /* help.html in Resources */ = {isa = PBXBuildFile; fileRef = 104C099625B93F8D005A2D31 /* help.html */; };
		104C09A625B94839005A2D31 /* UITextField+Extension.swift in Sources */ = {isa = PBXBuildFile; fileRef = 104C09A525B94839005A2D31 /* UITextField+Extension.swift */; };
		10A12E1525B6B07A00CEC831 /* AppDelegate.swift in Sources */ = {isa = PBXBuildFile; fileRef = 10A12E1425B6B07A00CEC831 /* AppDelegate.swift */; };
		10A12E1725B6B07A00CEC831 /* SceneDelegate.swift in Sources */ = {isa = PBXBuildFile; fileRef = 10A12E1625B6B07A00CEC831 /* SceneDelegate.swift */; };
		10A12E1C25B6B07A00CEC831 /* Main.storyboard in Resources */ = {isa = PBXBuildFile; fileRef = 10A12E1A25B6B07A00CEC831 /* Main.storyboard */; };
		10A12E1F25B6B07A00CEC831 /* Weather.xcdatamodeld in Sources */ = {isa = PBXBuildFile; fileRef = 10A12E1D25B6B07A00CEC831 /* Weather.xcdatamodeld */; };
		10A12E2125B6B09700CEC831 /* Assets.xcassets in Resources */ = {isa = PBXBuildFile; fileRef = 10A12E2025B6B09700CEC831 /* Assets.xcassets */; };
		10A12E2425B6B09800CEC831 /* LaunchScreen.storyboard in Resources */ = {isa = PBXBuildFile; fileRef = 10A12E2225B6B09800CEC831 /* LaunchScreen.storyboard */; };
		10A12E2F25B6B09800CEC831 /* WeatherTests.swift in Sources */ = {isa = PBXBuildFile; fileRef = 10A12E2E25B6B09800CEC831 /* WeatherTests.swift */; };
		10A12E4025B6B31200CEC831 /* HomeViewController.swift in Sources */ = {isa = PBXBuildFile; fileRef = 10A12E3F25B6B31200CEC831 /* HomeViewController.swift */; };
		10A12E4325B6B7EB00CEC831 /* UserLocations+CoreDataClass.swift in Sources */ = {isa = PBXBuildFile; fileRef = 10A12E4125B6B7EB00CEC831 /* UserLocations+CoreDataClass.swift */; };
		10A12E4425B6B7EB00CEC831 /* UserLocations+CoreDataProperties.swift in Sources */ = {isa = PBXBuildFile; fileRef = 10A12E4225B6B7EB00CEC831 /* UserLocations+CoreDataProperties.swift */; };
		10A12E4725B6BB8300CEC831 /* MapViewController.swift in Sources */ = {isa = PBXBuildFile; fileRef = 10A12E4625B6BB8300CEC831 /* MapViewController.swift */; };
		10A12E4925B6EAAF00CEC831 /* UserLocation.swift in Sources */ = {isa = PBXBuildFile; fileRef = 10A12E4825B6EAAF00CEC831 /* UserLocation.swift */; };
		10A12E4B25B6ED4100CEC831 /* UserLocalData.swift in Sources */ = {isa = PBXBuildFile; fileRef = 10A12E4A25B6ED4100CEC831 /* UserLocalData.swift */; };
		10A12E4D25B6EF8E00CEC831 /* Utility.swift in Sources */ = {isa = PBXBuildFile; fileRef = 10A12E4C25B6EF8E00CEC831 /* Utility.swift */; };
		10A12E4F25B6F76800CEC831 /* HomeViewCell.swift in Sources */ = {isa = PBXBuildFile; fileRef = 10A12E4E25B6F76800CEC831 /* HomeViewCell.swift */; };
		10A12E5225B7043E00CEC831 /* WeatherDetailsController.swift in Sources */ = {isa = PBXBuildFile; fileRef = 10A12E5125B7043E00CEC831 /* WeatherDetailsController.swift */; };
		10C2C70525B7F35600FED6DB /* WeatherDateCollectionCell.swift in Sources */ = {isa = PBXBuildFile; fileRef = 10C2C70325B7F35600FED6DB /* WeatherDateCollectionCell.swift */; };
		10C2C70625B7F35600FED6DB /* WeatherDateCollectionCell.xib in Resources */ = {isa = PBXBuildFile; fileRef = 10C2C70425B7F35600FED6DB /* WeatherDateCollectionCell.xib */; };
		10C2C70825B7F39700FED6DB /* WeatherDetailsTableCell.swift in Sources */ = {isa = PBXBuildFile; fileRef = 10C2C70725B7F39700FED6DB /* WeatherDetailsTableCell.swift */; };
/* End PBXBuildFile section */

/* Begin PBXContainerItemProxy section */
		10A12E2B25B6B09800CEC831 /* PBXContainerItemProxy */ = {
			isa = PBXContainerItemProxy;
			containerPortal = 10A12E0925B6B07900CEC831 /* Project object */;
			proxyType = 1;
			remoteGlobalIDString = 10A12E1025B6B07A00CEC831;
			remoteInfo = Weather;
		};
/* End PBXContainerItemProxy section */

/* Begin PBXFileReference section */
		101263F325B8061500DDE739 /* WeatherDetailsDataCell.swift */ = {isa = PBXFileReference; lastKnownFileType = sourcecode.swift; path = WeatherDetailsDataCell.swift; sourceTree = "<group>"; };
		101263F425B8061500DDE739 /* WeatherDetailsDataCell.xib */ = {isa = PBXFileReference; lastKnownFileType = file.xib; path = WeatherDetailsDataCell.xib; sourceTree = "<group>"; };
		101263F725B80BD100DDE739 /* RouterAPI.swift */ = {isa = PBXFileReference; fileEncoding = 4; lastKnownFileType = sourcecode.swift; path = RouterAPI.swift; sourceTree = "<group>"; };
		101263F825B80BD100DDE739 /* ServiceLayer.swift */ = {isa = PBXFileReference; fileEncoding = 4; lastKnownFileType = sourcecode.swift; path = ServiceLayer.swift; sourceTree = "<group>"; };
		101263FB25B80F5F00DDE739 /* WeatherResponse.swift */ = {isa = PBXFileReference; lastKnownFileType = sourcecode.swift; path = WeatherResponse.swift; sourceTree = "<group>"; };
		1012640625B8531000DDE739 /* ActivityIndicatorView.swift */ = {isa = PBXFileReference; lastKnownFileType = sourcecode.swift; path = ActivityIndicatorView.swift; sourceTree = "<group>"; };
		1012640825B8562F00DDE739 /* UIView+LayerExtensions.swift */ = {isa = PBXFileReference; fileEncoding = 4; lastKnownFileType = sourcecode.swift; path = "UIView+LayerExtensions.swift"; sourceTree = "<group>"; };
		1012640A25B8568E00DDE739 /* UIColor+Extension.swift */ = {isa = PBXFileReference; lastKnownFileType = sourcecode.swift; path = "UIColor+Extension.swift"; sourceTree = "<group>"; };
		1012640C25B856AF00DDE739 /* AlertController+Extension.swift */ = {isa = PBXFileReference; lastKnownFileType = sourcecode.swift; path = "AlertController+Extension.swift"; sourceTree = "<group>"; };
		1013E2D825B975FB00365F08 /* addPin.png */ = {isa = PBXFileReference; lastKnownFileType = image.png; path = addPin.png; sourceTree = "<group>"; };
		1013E2D925B975FB00365F08 /* today.png */ = {isa = PBXFileReference; lastKnownFileType = image.png; path = today.png; sourceTree = "<group>"; };
		1013E2DA25B975FB00365F08 /* fiveDay.png */ = {isa = PBXFileReference; lastKnownFileType = image.png; path = fiveDay.png; sourceTree = "<group>"; };
		1013E2DB25B975FB00365F08 /* home.png */ = {isa = PBXFileReference; lastKnownFileType = image.png; path = home.png; sourceTree = "<group>"; };
		1013E2E225B98C7300365F08 /* WeatherServices.swift */ = {isa = PBXFileReference; lastKnownFileType = sourcecode.swift; path = WeatherServices.swift; sourceTree = "<group>"; };
		104C099425B93CD4005A2D31 /* WebViewController.swift */ = {isa = PBXFileReference; lastKnownFileType = sourcecode.swift; path = WebViewController.swift; sourceTree = "<group>"; };
		104C099625B93F8D005A2D31 /* help.html */ = {isa = PBXFileReference; fileEncoding = 4; lastKnownFileType = text.html; path = help.html; sourceTree = "<group>"; };
		104C09A525B94839005A2D31 /* UITextField+Extension.swift */ = {isa = PBXFileReference; lastKnownFileType = sourcecode.swift; path = "UITextField+Extension.swift"; sourceTree = "<group>"; };
		10A12E1125B6B07A00CEC831 /* Weather.app */ = {isa = PBXFileReference; explicitFileType = wrapper.application; includeInIndex = 0; path = Weather.app; sourceTree = BUILT_PRODUCTS_DIR; };
		10A12E1425B6B07A00CEC831 /* AppDelegate.swift */ = {isa = PBXFileReference; lastKnownFileType = sourcecode.swift; path = AppDelegate.swift; sourceTree = "<group>"; };
		10A12E1625B6B07A00CEC831 /* SceneDelegate.swift */ = {isa = PBXFileReference; lastKnownFileType = sourcecode.swift; path = SceneDelegate.swift; sourceTree = "<group>"; };
		10A12E1B25B6B07A00CEC831 /* Base */ = {isa = PBXFileReference; lastKnownFileType = file.storyboard; name = Base; path = Base.lproj/Main.storyboard; sourceTree = "<group>"; };
		10A12E1E25B6B07A00CEC831 /* Weather.xcdatamodel */ = {isa = PBXFileReference; lastKnownFileType = wrapper.xcdatamodel; path = Weather.xcdatamodel; sourceTree = "<group>"; };
		10A12E2025B6B09700CEC831 /* Assets.xcassets */ = {isa = PBXFileReference; lastKnownFileType = folder.assetcatalog; path = Assets.xcassets; sourceTree = "<group>"; };
		10A12E2325B6B09800CEC831 /* Base */ = {isa = PBXFileReference; lastKnownFileType = file.storyboard; name = Base; path = Base.lproj/LaunchScreen.storyboard; sourceTree = "<group>"; };
		10A12E2525B6B09800CEC831 /* Info.plist */ = {isa = PBXFileReference; lastKnownFileType = text.plist.xml; path = Info.plist; sourceTree = "<group>"; };
		10A12E2A25B6B09800CEC831 /* WeatherTests.xctest */ = {isa = PBXFileReference; explicitFileType = wrapper.cfbundle; includeInIndex = 0; path = WeatherTests.xctest; sourceTree = BUILT_PRODUCTS_DIR; };
		10A12E2E25B6B09800CEC831 /* WeatherTests.swift */ = {isa = PBXFileReference; lastKnownFileType = sourcecode.swift; path = WeatherTests.swift; sourceTree = "<group>"; };
		10A12E3025B6B09800CEC831 /* Info.plist */ = {isa = PBXFileReference; lastKnownFileType = text.plist.xml; path = Info.plist; sourceTree = "<group>"; };
		10A12E3F25B6B31200CEC831 /* HomeViewController.swift */ = {isa = PBXFileReference; lastKnownFileType = sourcecode.swift; path = HomeViewController.swift; sourceTree = "<group>"; };
		10A12E4125B6B7EB00CEC831 /* UserLocations+CoreDataClass.swift */ = {isa = PBXFileReference; lastKnownFileType = sourcecode.swift; path = "UserLocations+CoreDataClass.swift"; sourceTree = SOURCE_ROOT; };
		10A12E4225B6B7EB00CEC831 /* UserLocations+CoreDataProperties.swift */ = {isa = PBXFileReference; lastKnownFileType = sourcecode.swift; path = "UserLocations+CoreDataProperties.swift"; sourceTree = SOURCE_ROOT; };
		10A12E4625B6BB8300CEC831 /* MapViewController.swift */ = {isa = PBXFileReference; lastKnownFileType = sourcecode.swift; path = MapViewController.swift; sourceTree = "<group>"; };
		10A12E4825B6EAAF00CEC831 /* UserLocation.swift */ = {isa = PBXFileReference; lastKnownFileType = sourcecode.swift; path = UserLocation.swift; sourceTree = "<group>"; };
		10A12E4A25B6ED4100CEC831 /* UserLocalData.swift */ = {isa = PBXFileReference; lastKnownFileType = sourcecode.swift; path = UserLocalData.swift; sourceTree = "<group>"; };
		10A12E4C25B6EF8E00CEC831 /* Utility.swift */ = {isa = PBXFileReference; lastKnownFileType = sourcecode.swift; path = Utility.swift; sourceTree = "<group>"; };
		10A12E4E25B6F76800CEC831 /* HomeViewCell.swift */ = {isa = PBXFileReference; lastKnownFileType = sourcecode.swift; path = HomeViewCell.swift; sourceTree = "<group>"; };
		10A12E5125B7043E00CEC831 /* WeatherDetailsController.swift */ = {isa = PBXFileReference; lastKnownFileType = sourcecode.swift; path = WeatherDetailsController.swift; sourceTree = "<group>"; };
		10C2C70325B7F35600FED6DB /* WeatherDateCollectionCell.swift */ = {isa = PBXFileReference; lastKnownFileType = sourcecode.swift; path = WeatherDateCollectionCell.swift; sourceTree = "<group>"; };
		10C2C70425B7F35600FED6DB /* WeatherDateCollectionCell.xib */ = {isa = PBXFileReference; lastKnownFileType = file.xib; path = WeatherDateCollectionCell.xib; sourceTree = "<group>"; };
		10C2C70725B7F39700FED6DB /* WeatherDetailsTableCell.swift */ = {isa = PBXFileReference; lastKnownFileType = sourcecode.swift; path = WeatherDetailsTableCell.swift; sourceTree = "<group>"; };
/* End PBXFileReference section */

/* Begin PBXFrameworksBuildPhase section */
		10A12E0E25B6B07A00CEC831 /* Frameworks */ = {
			isa = PBXFrameworksBuildPhase;
			buildActionMask = 2147483647;
			files = (
			);
			runOnlyForDeploymentPostprocessing = 0;
		};
		10A12E2725B6B09800CEC831 /* Frameworks */ = {
			isa = PBXFrameworksBuildPhase;
			buildActionMask = 2147483647;
			files = (
			);
			runOnlyForDeploymentPostprocessing = 0;
		};
/* End PBXFrameworksBuildPhase section */

/* Begin PBXGroup section */
		1013E2E025B978F500365F08 /* Help */ = {
			isa = PBXGroup;
			children = (
				104C099425B93CD4005A2D31 /* WebViewController.swift */,
				104C099625B93F8D005A2D31 /* help.html */,
				1013E2D825B975FB00365F08 /* addPin.png */,
				1013E2DA25B975FB00365F08 /* fiveDay.png */,
				1013E2DB25B975FB00365F08 /* home.png */,
				1013E2D925B975FB00365F08 /* today.png */,
			);
			name = Help;
			path = ../../Utilites/Help;
			sourceTree = "<group>";
		};
		1013E2E125B98C4100365F08 /* WeatherServices */ = {
			isa = PBXGroup;
			children = (
				1013E2E225B98C7300365F08 /* WeatherServices.swift */,
			);
			path = WeatherServices;
			sourceTree = "<group>";
		};
		104C099A25B943BA005A2D31 /* Model */ = {
			isa = PBXGroup;
			children = (
				10A12E4825B6EAAF00CEC831 /* UserLocation.swift */,
			);
			path = Model;
			sourceTree = "<group>";
		};
		104C099B25B94413005A2D31 /* Controller */ = {
			isa = PBXGroup;
			children = (
				10A12E3F25B6B31200CEC831 /* HomeViewController.swift */,
			);
			path = Controller;
			sourceTree = "<group>";
		};
		104C099C25B94426005A2D31 /* View */ = {
			isa = PBXGroup;
			children = (
				10A12E4E25B6F76800CEC831 /* HomeViewCell.swift */,
				10A12E1A25B6B07A00CEC831 /* Main.storyboard */,
			);
			path = View;
			sourceTree = "<group>";
		};
		104C099D25B9443B005A2D31 /* Features */ = {
			isa = PBXGroup;
			children = (
				1013E2E025B978F500365F08 /* Help */,
				104C099F25B944E2005A2D31 /* PinLocation */,
				10A12E5025B7040C00CEC831 /* WeatherDetails */,
			);
			path = Features;
			sourceTree = "<group>";
		};
		104C099E25B94480005A2D31 /* Utilites */ = {
			isa = PBXGroup;
			children = (
				10A12E4C25B6EF8E00CEC831 /* Utility.swift */,
				1012640625B8531000DDE739 /* ActivityIndicatorView.swift */,
				1012640825B8562F00DDE739 /* UIView+LayerExtensions.swift */,
				1012640A25B8568E00DDE739 /* UIColor+Extension.swift */,
				1012640C25B856AF00DDE739 /* AlertController+Extension.swift */,
				104C09A525B94839005A2D31 /* UITextField+Extension.swift */,
			);
			path = Utilites;
			sourceTree = "<group>";
		};
		104C099F25B944E2005A2D31 /* PinLocation */ = {
			isa = PBXGroup;
			children = (
				10A12E4525B6B95600CEC831 /* MapView */,
			);
			path = PinLocation;
			sourceTree = "<group>";
		};
		104C09A025B94507005A2D31 /* Controller */ = {
			isa = PBXGroup;
			children = (
				10A12E4625B6BB8300CEC831 /* MapViewController.swift */,
			);
			path = Controller;
			sourceTree = "<group>";
		};
		104C09A125B9451F005A2D31 /* Controller */ = {
			isa = PBXGroup;
			children = (
				10A12E5125B7043E00CEC831 /* WeatherDetailsController.swift */,
			);
			path = Controller;
			sourceTree = "<group>";
		};
		104C09A225B9452D005A2D31 /* View */ = {
			isa = PBXGroup;
			children = (
				10C2C70725B7F39700FED6DB /* WeatherDetailsTableCell.swift */,
				10C2C70325B7F35600FED6DB /* WeatherDateCollectionCell.swift */,
				10C2C70425B7F35600FED6DB /* WeatherDateCollectionCell.xib */,
				101263F325B8061500DDE739 /* WeatherDetailsDataCell.swift */,
				101263F425B8061500DDE739 /* WeatherDetailsDataCell.xib */,
			);
			path = View;
			sourceTree = "<group>";
		};
		104C09A325B9457E005A2D31 /* Services */ = {
			isa = PBXGroup;
			children = (
				101263F725B80BD100DDE739 /* RouterAPI.swift */,
				101263F825B80BD100DDE739 /* ServiceLayer.swift */,
				1013E2E125B98C4100365F08 /* WeatherServices */,
				104C09A425B945AF005A2D31 /* WeatherResponse */,
			);
			path = Services;
			sourceTree = "<group>";
		};
		104C09A425B945AF005A2D31 /* WeatherResponse */ = {
			isa = PBXGroup;
			children = (
				101263FB25B80F5F00DDE739 /* WeatherResponse.swift */,
			);
			path = WeatherResponse;
			sourceTree = "<group>";
		};
		10A12E0825B6B07900CEC831 = {
			isa = PBXGroup;
			children = (
				10A12E1325B6B07A00CEC831 /* Weather */,
				10A12E2D25B6B09800CEC831 /* WeatherTests */,
				10A12E1225B6B07A00CEC831 /* Products */,
			);
			sourceTree = "<group>";
		};
		10A12E1225B6B07A00CEC831 /* Products */ = {
			isa = PBXGroup;
			children = (
				10A12E1125B6B07A00CEC831 /* Weather.app */,
				10A12E2A25B6B09800CEC831 /* WeatherTests.xctest */,
			);
			name = Products;
			sourceTree = "<group>";
		};
		10A12E1325B6B07A00CEC831 /* Weather */ = {
			isa = PBXGroup;
			children = (
				10A12E1425B6B07A00CEC831 /* AppDelegate.swift */,
				10A12E1625B6B07A00CEC831 /* SceneDelegate.swift */,
				104C09A325B9457E005A2D31 /* Services */,
				104C099E25B94480005A2D31 /* Utilites */,
				10A12E3E25B6B2F000CEC831 /* Home */,
				10A12E3D25B6B2D200CEC831 /* Core Data */,
				10A12E2025B6B09700CEC831 /* Assets.xcassets */,
				10A12E2225B6B09800CEC831 /* LaunchScreen.storyboard */,
				10A12E2525B6B09800CEC831 /* Info.plist */,
				10A12E1D25B6B07A00CEC831 /* Weather.xcdatamodeld */,
			);
			path = Weather;
			sourceTree = "<group>";
		};
		10A12E2D25B6B09800CEC831 /* WeatherTests */ = {
			isa = PBXGroup;
			children = (
				10A12E2E25B6B09800CEC831 /* WeatherTests.swift */,
				10A12E3025B6B09800CEC831 /* Info.plist */,
			);
			path = WeatherTests;
			sourceTree = "<group>";
		};
		10A12E3D25B6B2D200CEC831 /* Core Data */ = {
			isa = PBXGroup;
			children = (
				10A12E4125B6B7EB00CEC831 /* UserLocations+CoreDataClass.swift */,
				10A12E4225B6B7EB00CEC831 /* UserLocations+CoreDataProperties.swift */,
				10A12E4A25B6ED4100CEC831 /* UserLocalData.swift */,
			);
			path = "Core Data";
			sourceTree = "<group>";
		};
		10A12E3E25B6B2F000CEC831 /* Home */ = {
			isa = PBXGroup;
			children = (
				104C099D25B9443B005A2D31 /* Features */,
				104C099C25B94426005A2D31 /* View */,
				104C099B25B94413005A2D31 /* Controller */,
			);
			name = Home;
			path = "New Group";
			sourceTree = "<group>";
		};
		10A12E4525B6B95600CEC831 /* MapView */ = {
			isa = PBXGroup;
			children = (
				104C099A25B943BA005A2D31 /* Model */,
				104C09A025B94507005A2D31 /* Controller */,
			);
			name = MapView;
			path = "New Group";
			sourceTree = "<group>";
		};
		10A12E5025B7040C00CEC831 /* WeatherDetails */ = {
			isa = PBXGroup;
			children = (
				104C09A125B9451F005A2D31 /* Controller */,
				104C09A225B9452D005A2D31 /* View */,
			);
			path = WeatherDetails;
			sourceTree = "<group>";
		};
/* End PBXGroup section */

/* Begin PBXNativeTarget section */
		10A12E1025B6B07A00CEC831 /* Weather */ = {
			isa = PBXNativeTarget;
			buildConfigurationList = 10A12E3325B6B09800CEC831 /* Build configuration list for PBXNativeTarget "Weather" */;
			buildPhases = (
				10A12E0D25B6B07A00CEC831 /* Sources */,
				10A12E0E25B6B07A00CEC831 /* Frameworks */,
				10A12E0F25B6B07A00CEC831 /* Resources */,
			);
			buildRules = (
			);
			dependencies = (
			);
			name = Weather;
			productName = Weather;
			productReference = 10A12E1125B6B07A00CEC831 /* Weather.app */;
			productType = "com.apple.product-type.application";
		};
		10A12E2925B6B09800CEC831 /* WeatherTests */ = {
			isa = PBXNativeTarget;
			buildConfigurationList = 10A12E3625B6B09800CEC831 /* Build configuration list for PBXNativeTarget "WeatherTests" */;
			buildPhases = (
				10A12E2625B6B09800CEC831 /* Sources */,
				10A12E2725B6B09800CEC831 /* Frameworks */,
				10A12E2825B6B09800CEC831 /* Resources */,
			);
			buildRules = (
			);
			dependencies = (
				10A12E2C25B6B09800CEC831 /* PBXTargetDependency */,
			);
			name = WeatherTests;
			productName = WeatherTests;
			productReference = 10A12E2A25B6B09800CEC831 /* WeatherTests.xctest */;
			productType = "com.apple.product-type.bundle.unit-test";
		};
/* End PBXNativeTarget section */

/* Begin PBXProject section */
		10A12E0925B6B07900CEC831 /* Project object */ = {
			isa = PBXProject;
			attributes = {
				LastSwiftUpdateCheck = 1130;
				LastUpgradeCheck = 1130;
				ORGANIZATIONNAME = Reshma.M;
				TargetAttributes = {
					10A12E1025B6B07A00CEC831 = {
						CreatedOnToolsVersion = 11.3.1;
					};
					10A12E2925B6B09800CEC831 = {
						CreatedOnToolsVersion = 11.3.1;
						TestTargetID = 10A12E1025B6B07A00CEC831;
					};
				};
			};
			buildConfigurationList = 10A12E0C25B6B07900CEC831 /* Build configuration list for PBXProject "Weather" */;
			compatibilityVersion = "Xcode 9.3";
			developmentRegion = en;
			hasScannedForEncodings = 0;
			knownRegions = (
				en,
				Base,
			);
			mainGroup = 10A12E0825B6B07900CEC831;
			productRefGroup = 10A12E1225B6B07A00CEC831 /* Products */;
			projectDirPath = "";
			projectRoot = "";
			targets = (
				10A12E1025B6B07A00CEC831 /* Weather */,
				10A12E2925B6B09800CEC831 /* WeatherTests */,
			);
		};
/* End PBXProject section */

/* Begin PBXResourcesBuildPhase section */
		10A12E0F25B6B07A00CEC831 /* Resources */ = {
			isa = PBXResourcesBuildPhase;
			buildActionMask = 2147483647;
			files = (
				10C2C70625B7F35600FED6DB /* WeatherDateCollectionCell.xib in Resources */,
				1013E2DC25B975FB00365F08 /* addPin.png in Resources */,
				10A12E2425B6B09800CEC831 /* LaunchScreen.storyboard in Resources */,
				10A12E2125B6B09700CEC831 /* Assets.xcassets in Resources */,
				1013E2DE25B975FB00365F08 /* fiveDay.png in Resources */,
				101263F625B8061500DDE739 /* WeatherDetailsDataCell.xib in Resources */,
				1013E2DF25B975FB00365F08 /* home.png in Resources */,
				1013E2DD25B975FB00365F08 /* today.png in Resources */,
				10A12E1C25B6B07A00CEC831 /* Main.storyboard in Resources */,
				104C099725B93F8D005A2D31 /* help.html in Resources */,
			);
			runOnlyForDeploymentPostprocessing = 0;
		};
		10A12E2825B6B09800CEC831 /* Resources */ = {
			isa = PBXResourcesBuildPhase;
			buildActionMask = 2147483647;
			files = (
			);
			runOnlyForDeploymentPostprocessing = 0;
		};
/* End PBXResourcesBuildPhase section */

/* Begin PBXSourcesBuildPhase section */
		10A12E0D25B6B07A00CEC831 /* Sources */ = {
			isa = PBXSourcesBuildPhase;
			buildActionMask = 2147483647;
			files = (
				1012640B25B8568E00DDE739 /* UIColor+Extension.swift in Sources */,
				10A12E4D25B6EF8E00CEC831 /* Utility.swift in Sources */,
				10A12E4B25B6ED4100CEC831 /* UserLocalData.swift in Sources */,
				10A12E1F25B6B07A00CEC831 /* Weather.xcdatamodeld in Sources */,
				10C2C70525B7F35600FED6DB /* WeatherDateCollectionCell.swift in Sources */,
				10A12E1525B6B07A00CEC831 /* AppDelegate.swift in Sources */,
				1013E2E325B98C7300365F08 /* WeatherServices.swift in Sources */,
				10A12E4325B6B7EB00CEC831 /* UserLocations+CoreDataClass.swift in Sources */,
				101263FA25B80BD100DDE739 /* ServiceLayer.swift in Sources */,
				101263F525B8061500DDE739 /* WeatherDetailsDataCell.swift in Sources */,
				10A12E4F25B6F76800CEC831 /* HomeViewCell.swift in Sources */,
				10A12E1725B6B07A00CEC831 /* SceneDelegate.swift in Sources */,
				10C2C70825B7F39700FED6DB /* WeatherDetailsTableCell.swift in Sources */,
				10A12E5225B7043E00CEC831 /* WeatherDetailsController.swift in Sources */,
				1012640925B8562F00DDE739 /* UIView+LayerExtensions.swift in Sources */,
				104C099525B93CD4005A2D31 /* WebViewController.swift in Sources */,
				1012640D25B856AF00DDE739 /* AlertController+Extension.swift in Sources */,
				1012640725B8531000DDE739 /* ActivityIndicatorView.swift in Sources */,
				10A12E4025B6B31200CEC831 /* HomeViewController.swift in Sources */,
				101263FC25B80F5F00DDE739 /* WeatherResponse.swift in Sources */,
				10A12E4925B6EAAF00CEC831 /* UserLocation.swift in Sources */,
				101263F925B80BD100DDE739 /* RouterAPI.swift in Sources */,
				104C09A625B94839005A2D31 /* UITextField+Extension.swift in Sources */,
				10A12E4425B6B7EB00CEC831 /* UserLocations+CoreDataProperties.swift in Sources */,
				10A12E4725B6BB8300CEC831 /* MapViewController.swift in Sources */,
			);
			runOnlyForDeploymentPostprocessing = 0;
		};
		10A12E2625B6B09800CEC831 /* Sources */ = {
			isa = PBXSourcesBuildPhase;
			buildActionMask = 2147483647;
			files = (
				10A12E2F25B6B09800CEC831 /* WeatherTests.swift in Sources */,
			);
			runOnlyForDeploymentPostprocessing = 0;
		};
/* End PBXSourcesBuildPhase section */

/* Begin PBXTargetDependency section */
		10A12E2C25B6B09800CEC831 /* PBXTargetDependency */ = {
			isa = PBXTargetDependency;
			target = 10A12E1025B6B07A00CEC831 /* Weather */;
			targetProxy = 10A12E2B25B6B09800CEC831 /* PBXContainerItemProxy */;
		};
/* End PBXTargetDependency section */

/* Begin PBXVariantGroup section */
		10A12E1A25B6B07A00CEC831 /* Main.storyboard */ = {
			isa = PBXVariantGroup;
			children = (
				10A12E1B25B6B07A00CEC831 /* Base */,
			);
			name = Main.storyboard;
			sourceTree = "<group>";
		};
		10A12E2225B6B09800CEC831 /* LaunchScreen.storyboard */ = {
			isa = PBXVariantGroup;
			children = (
				10A12E2325B6B09800CEC831 /* Base */,
			);
			name = LaunchScreen.storyboard;
			sourceTree = "<group>";
		};
/* End PBXVariantGroup section */

/* Begin XCBuildConfiguration section */
		10A12E3125B6B09800CEC831 /* Debug */ = {
			isa = XCBuildConfiguration;
			buildSettings = {
				ALWAYS_SEARCH_USER_PATHS = NO;
				CLANG_ANALYZER_NONNULL = YES;
				CLANG_ANALYZER_NUMBER_OBJECT_CONVERSION = YES_AGGRESSIVE;
				CLANG_CXX_LANGUAGE_STANDARD = "gnu++14";
				CLANG_CXX_LIBRARY = "libc++";
				CLANG_ENABLE_MODULES = YES;
				CLANG_ENABLE_OBJC_ARC = YES;
				CLANG_ENABLE_OBJC_WEAK = YES;
				CLANG_WARN_BLOCK_CAPTURE_AUTORELEASING = YES;
				CLANG_WARN_BOOL_CONVERSION = YES;
				CLANG_WARN_COMMA = YES;
				CLANG_WARN_CONSTANT_CONVERSION = YES;
				CLANG_WARN_DEPRECATED_OBJC_IMPLEMENTATIONS = YES;
				CLANG_WARN_DIRECT_OBJC_ISA_USAGE = YES_ERROR;
				CLANG_WARN_DOCUMENTATION_COMMENTS = YES;
				CLANG_WARN_EMPTY_BODY = YES;
				CLANG_WARN_ENUM_CONVERSION = YES;
				CLANG_WARN_INFINITE_RECURSION = YES;
				CLANG_WARN_INT_CONVERSION = YES;
				CLANG_WARN_NON_LITERAL_NULL_CONVERSION = YES;
				CLANG_WARN_OBJC_IMPLICIT_RETAIN_SELF = YES;
				CLANG_WARN_OBJC_LITERAL_CONVERSION = YES;
				CLANG_WARN_OBJC_ROOT_CLASS = YES_ERROR;
				CLANG_WARN_RANGE_LOOP_ANALYSIS = YES;
				CLANG_WARN_STRICT_PROTOTYPES = YES;
				CLANG_WARN_SUSPICIOUS_MOVE = YES;
				CLANG_WARN_UNGUARDED_AVAILABILITY = YES_AGGRESSIVE;
				CLANG_WARN_UNREACHABLE_CODE = YES;
				CLANG_WARN__DUPLICATE_METHOD_MATCH = YES;
				COPY_PHASE_STRIP = NO;
				DEBUG_INFORMATION_FORMAT = dwarf;
				ENABLE_STRICT_OBJC_MSGSEND = YES;
				ENABLE_TESTABILITY = YES;
				GCC_C_LANGUAGE_STANDARD = gnu11;
				GCC_DYNAMIC_NO_PIC = NO;
				GCC_NO_COMMON_BLOCKS = YES;
				GCC_OPTIMIZATION_LEVEL = 0;
				GCC_PREPROCESSOR_DEFINITIONS = (
					"DEBUG=1",
					"$(inherited)",
				);
				GCC_WARN_64_TO_32_BIT_CONVERSION = YES;
				GCC_WARN_ABOUT_RETURN_TYPE = YES_ERROR;
				GCC_WARN_UNDECLARED_SELECTOR = YES;
				GCC_WARN_UNINITIALIZED_AUTOS = YES_AGGRESSIVE;
				GCC_WARN_UNUSED_FUNCTION = YES;
				GCC_WARN_UNUSED_VARIABLE = YES;
				IPHONEOS_DEPLOYMENT_TARGET = 13.2;
				MTL_ENABLE_DEBUG_INFO = INCLUDE_SOURCE;
				MTL_FAST_MATH = YES;
				ONLY_ACTIVE_ARCH = YES;
				SDKROOT = iphoneos;
				SWIFT_ACTIVE_COMPILATION_CONDITIONS = DEBUG;
				SWIFT_OPTIMIZATION_LEVEL = "-Onone";
			};
			name = Debug;
		};
		10A12E3225B6B09800CEC831 /* Release */ = {
			isa = XCBuildConfiguration;
			buildSettings = {
				ALWAYS_SEARCH_USER_PATHS = NO;
				CLANG_ANALYZER_NONNULL = YES;
				CLANG_ANALYZER_NUMBER_OBJECT_CONVERSION = YES_AGGRESSIVE;
				CLANG_CXX_LANGUAGE_STANDARD = "gnu++14";
				CLANG_CXX_LIBRARY = "libc++";
				CLANG_ENABLE_MODULES = YES;
				CLANG_ENABLE_OBJC_ARC = YES;
				CLANG_ENABLE_OBJC_WEAK = YES;
				CLANG_WARN_BLOCK_CAPTURE_AUTORELEASING = YES;
				CLANG_WARN_BOOL_CONVERSION = YES;
				CLANG_WARN_COMMA = YES;
				CLANG_WARN_CONSTANT_CONVERSION = YES;
				CLANG_WARN_DEPRECATED_OBJC_IMPLEMENTATIONS = YES;
				CLANG_WARN_DIRECT_OBJC_ISA_USAGE = YES_ERROR;
				CLANG_WARN_DOCUMENTATION_COMMENTS = YES;
				CLANG_WARN_EMPTY_BODY = YES;
				CLANG_WARN_ENUM_CONVERSION = YES;
				CLANG_WARN_INFINITE_RECURSION = YES;
				CLANG_WARN_INT_CONVERSION = YES;
				CLANG_WARN_NON_LITERAL_NULL_CONVERSION = YES;
				CLANG_WARN_OBJC_IMPLICIT_RETAIN_SELF = YES;
				CLANG_WARN_OBJC_LITERAL_CONVERSION = YES;
				CLANG_WARN_OBJC_ROOT_CLASS = YES_ERROR;
				CLANG_WARN_RANGE_LOOP_ANALYSIS = YES;
				CLANG_WARN_STRICT_PROTOTYPES = YES;
				CLANG_WARN_SUSPICIOUS_MOVE = YES;
				CLANG_WARN_UNGUARDED_AVAILABILITY = YES_AGGRESSIVE;
				CLANG_WARN_UNREACHABLE_CODE = YES;
				CLANG_WARN__DUPLICATE_METHOD_MATCH = YES;
				COPY_PHASE_STRIP = NO;
				DEBUG_INFORMATION_FORMAT = "dwarf-with-dsym";
				ENABLE_NS_ASSERTIONS = NO;
				ENABLE_STRICT_OBJC_MSGSEND = YES;
				GCC_C_LANGUAGE_STANDARD = gnu11;
				GCC_NO_COMMON_BLOCKS = YES;
				GCC_WARN_64_TO_32_BIT_CONVERSION = YES;
				GCC_WARN_ABOUT_RETURN_TYPE = YES_ERROR;
				GCC_WARN_UNDECLARED_SELECTOR = YES;
				GCC_WARN_UNINITIALIZED_AUTOS = YES_AGGRESSIVE;
				GCC_WARN_UNUSED_FUNCTION = YES;
				GCC_WARN_UNUSED_VARIABLE = YES;
				IPHONEOS_DEPLOYMENT_TARGET = 13.2;
				MTL_ENABLE_DEBUG_INFO = NO;
				MTL_FAST_MATH = YES;
				SDKROOT = iphoneos;
				SWIFT_COMPILATION_MODE = wholemodule;
				SWIFT_OPTIMIZATION_LEVEL = "-O";
				VALIDATE_PRODUCT = YES;
			};
			name = Release;
		};
		10A12E3425B6B09800CEC831 /* Debug */ = {
			isa = XCBuildConfiguration;
			buildSettings = {
				ASSETCATALOG_COMPILER_APPICON_NAME = AppIcon;
				CODE_SIGN_STYLE = Automatic;
				INFOPLIST_FILE = Weather/Info.plist;
				LD_RUNPATH_SEARCH_PATHS = (
					"$(inherited)",
					"@executable_path/Frameworks",
				);
				PRODUCT_BUNDLE_IDENTIFIER = s.Weather;
				PRODUCT_NAME = "$(TARGET_NAME)";
				SWIFT_VERSION = 5.0;
				TARGETED_DEVICE_FAMILY = "1,2";
			};
			name = Debug;
		};
		10A12E3525B6B09800CEC831 /* Release */ = {
			isa = XCBuildConfiguration;
			buildSettings = {
				ASSETCATALOG_COMPILER_APPICON_NAME = AppIcon;
				CODE_SIGN_STYLE = Automatic;
				INFOPLIST_FILE = Weather/Info.plist;
				LD_RUNPATH_SEARCH_PATHS = (
					"$(inherited)",
					"@executable_path/Frameworks",
				);
				PRODUCT_BUNDLE_IDENTIFIER = s.Weather;
				PRODUCT_NAME = "$(TARGET_NAME)";
				SWIFT_VERSION = 5.0;
				TARGETED_DEVICE_FAMILY = "1,2";
			};
			name = Release;
		};
		10A12E3725B6B09800CEC831 /* Debug */ = {
			isa = XCBuildConfiguration;
			buildSettings = {
				ALWAYS_EMBED_SWIFT_STANDARD_LIBRARIES = YES;
				BUNDLE_LOADER = "$(TEST_HOST)";
				CODE_SIGN_STYLE = Automatic;
				INFOPLIST_FILE = WeatherTests/Info.plist;
				IPHONEOS_DEPLOYMENT_TARGET = 13.2;
				LD_RUNPATH_SEARCH_PATHS = (
					"$(inherited)",
					"@executable_path/Frameworks",
					"@loader_path/Frameworks",
				);
				PRODUCT_BUNDLE_IDENTIFIER = s.WeatherTests;
				PRODUCT_NAME = "$(TARGET_NAME)";
				SWIFT_VERSION = 5.0;
				TARGETED_DEVICE_FAMILY = "1,2";
				TEST_HOST = "$(BUILT_PRODUCTS_DIR)/Weather.app/Weather";
			};
			name = Debug;
		};
		10A12E3825B6B09800CEC831 /* Release */ = {
			isa = XCBuildConfiguration;
			buildSettings = {
				ALWAYS_EMBED_SWIFT_STANDARD_LIBRARIES = YES;
				BUNDLE_LOADER = "$(TEST_HOST)";
				CODE_SIGN_STYLE = Automatic;
				INFOPLIST_FILE = WeatherTests/Info.plist;
				IPHONEOS_DEPLOYMENT_TARGET = 13.2;
				LD_RUNPATH_SEARCH_PATHS = (
					"$(inherited)",
					"@executable_path/Frameworks",
					"@loader_path/Frameworks",
				);
				PRODUCT_BUNDLE_IDENTIFIER = s.WeatherTests;
				PRODUCT_NAME = "$(TARGET_NAME)";
				SWIFT_VERSION = 5.0;
				TARGETED_DEVICE_FAMILY = "1,2";
				TEST_HOST = "$(BUILT_PRODUCTS_DIR)/Weather.app/Weather";
			};
			name = Release;
		};
/* End XCBuildConfiguration section */

/* Begin XCConfigurationList section */
		10A12E0C25B6B07900CEC831 /* Build configuration list for PBXProject "Weather" */ = {
			isa = XCConfigurationList;
			buildConfigurations = (
				10A12E3125B6B09800CEC831 /* Debug */,
				10A12E3225B6B09800CEC831 /* Release */,
			);
			defaultConfigurationIsVisible = 0;
			defaultConfigurationName = Release;
		};
		10A12E3325B6B09800CEC831 /* Build configuration list for PBXNativeTarget "Weather" */ = {
			isa = XCConfigurationList;
			buildConfigurations = (
				10A12E3425B6B09800CEC831 /* Debug */,
				10A12E3525B6B09800CEC831 /* Release */,
			);
			defaultConfigurationIsVisible = 0;
			defaultConfigurationName = Release;
		};
		10A12E3625B6B09800CEC831 /* Build configuration list for PBXNativeTarget "WeatherTests" */ = {
			isa = XCConfigurationList;
			buildConfigurations = (
				10A12E3725B6B09800CEC831 /* Debug */,
				10A12E3825B6B09800CEC831 /* Release */,
			);
			defaultConfigurationIsVisible = 0;
			defaultConfigurationName = Release;
		};
/* End XCConfigurationList section */

/* Begin XCVersionGroup section */
		10A12E1D25B6B07A00CEC831 /* Weather.xcdatamodeld */ = {
			isa = XCVersionGroup;
			children = (
				10A12E1E25B6B07A00CEC831 /* Weather.xcdatamodel */,
			);
			currentVersion = 10A12E1E25B6B07A00CEC831 /* Weather.xcdatamodel */;
			path = Weather.xcdatamodeld;
			sourceTree = "<group>";
			versionGroupType = wrapper.xcdatamodel;
		};
/* End XCVersionGroup section */
	};
	rootObject = 10A12E0925B6B07900CEC831 /* Project object */;
}
